
Microsoft Visual Studio Solution File, Format Version 12.00
# Visual Studio 15
VisualStudioVersion = 15.0.28307.168
MinimumVisualStudioVersion = 10.0.40219.1
Project("{8BC9CEB8-8B4A-11D0-8D11-00A0C91BC942}") = "OOP", "OOP\OOP.vcxproj", "{846710AB-6551-4E51-B54D-A060941A6468}"
EndProject
Global
	GlobalSection(SolutionConfigurationPlatforms) = preSolution
		Debug|x64 = Debug|x64
		Debug|x86 = Debug|x86
		Release|x64 = Release|x64
		Release|x86 = Release|x86
	EndGlobalSection
	GlobalSection(ProjectConfigurationPlatforms) = postSolution
		{846710AB-6551-4E51-B54D-A060941A6468}.Debug|x64.ActiveCfg = Debug|x64
		{846710AB-6551-4E51-B54D-A060941A6468}.Debug|x64.Build.0 = Debug|x64
		{846710AB-6551-4E51-B54D-A060941A6468}.Debug|x86.ActiveCfg = Debug|Win32
		{846710AB-6551-4E51-B54D-A060941A6468}.Debug|x86.Build.0 = Debug|Win32
		{846710AB-6551-4E51-B54D-A060941A6468}.Release|x64.ActiveCfg = Release|x64
		{846710AB-6551-4E51-B54D-A060941A6468}.Release|x64.Build.0 = Release|x64
		{846710AB-6551-4E51-B54D-A060941A6468}.Release|x86.ActiveCfg = Release|Win32
		{846710AB-6551-4E51-B54D-A060941A6468}.Release|x86.Build.0 = Release|Win32
	EndGlobalSection
	GlobalSection(SolutionProperties) = preSolution
		HideSolutionNode = FALSE
	EndGlobalSection
	GlobalSection(ExtensibilityGlobals) = postSolution
		SolutionGuid = {100D631F-B82D-4AF0-94AF-F9C5EF7F638A}
	EndGlobalSection
EndGlobal
