
Microsoft Visual Studio Solution File, Format Version 12.00
# Visual Studio Version 16
VisualStudioVersion = 16.0.28803.202
MinimumVisualStudioVersion = 10.0.40219.1
Project("{FAE04EC0-301F-11D3-BF4B-00C04F79EFBC}") = "RGR4", "RGR4\RGR4.csproj", "{5D09DB40-3222-4D1D-B3E4-C0F6F1BF392F}"
EndProject
Global
	GlobalSection(SolutionConfigurationPlatforms) = preSolution
		Debug|Any CPU = Debug|Any CPU
		Release|Any CPU = Release|Any CPU
	EndGlobalSection
	GlobalSection(ProjectConfigurationPlatforms) = postSolution
		{5D09DB40-3222-4D1D-B3E4-C0F6F1BF392F}.Debug|Any CPU.ActiveCfg = Debug|Any CPU
		{5D09DB40-3222-4D1D-B3E4-C0F6F1BF392F}.Debug|Any CPU.Build.0 = Debug|Any CPU
		{5D09DB40-3222-4D1D-B3E4-C0F6F1BF392F}.Release|Any CPU.ActiveCfg = Release|Any CPU
		{5D09DB40-3222-4D1D-B3E4-C0F6F1BF392F}.Release|Any CPU.Build.0 = Release|Any CPU
	EndGlobalSection
	GlobalSection(SolutionProperties) = preSolution
		HideSolutionNode = FALSE
	EndGlobalSection
	GlobalSection(ExtensibilityGlobals) = postSolution
		SolutionGuid = {800416C1-771A-499E-AA90-58296C7F0248}
	EndGlobalSection
EndGlobal
