
Microsoft Visual Studio Solution File, Format Version 12.00
# Visual Studio Version 16
VisualStudioVersion = 16.0.28803.202
MinimumVisualStudioVersion = 10.0.40219.1
Project("{8BC9CEB8-8B4A-11D0-8D11-00A0C91BC942}") = "VT50", "VT50\VT50.vcxproj", "{7DD9E2CB-6844-44F0-B29C-E7A138B205B9}"
EndProject
Global
	GlobalSection(SolutionConfigurationPlatforms) = preSolution
		Debug|x64 = Debug|x64
		Debug|x86 = Debug|x86
		Release|x64 = Release|x64
		Release|x86 = Release|x86
	EndGlobalSection
	GlobalSection(ProjectConfigurationPlatforms) = postSolution
		{7DD9E2CB-6844-44F0-B29C-E7A138B205B9}.Debug|x64.ActiveCfg = Debug|x64
		{7DD9E2CB-6844-44F0-B29C-E7A138B205B9}.Debug|x64.Build.0 = Debug|x64
		{7DD9E2CB-6844-44F0-B29C-E7A138B205B9}.Debug|x86.ActiveCfg = Debug|Win32
		{7DD9E2CB-6844-44F0-B29C-E7A138B205B9}.Debug|x86.Build.0 = Debug|Win32
		{7DD9E2CB-6844-44F0-B29C-E7A138B205B9}.Release|x64.ActiveCfg = Release|x64
		{7DD9E2CB-6844-44F0-B29C-E7A138B205B9}.Release|x64.Build.0 = Release|x64
		{7DD9E2CB-6844-44F0-B29C-E7A138B205B9}.Release|x86.ActiveCfg = Release|Win32
		{7DD9E2CB-6844-44F0-B29C-E7A138B205B9}.Release|x86.Build.0 = Release|Win32
	EndGlobalSection
	GlobalSection(SolutionProperties) = preSolution
		HideSolutionNode = FALSE
	EndGlobalSection
	GlobalSection(ExtensibilityGlobals) = postSolution
		SolutionGuid = {C3253799-FD36-474F-A6C2-06A14CD51514}
	EndGlobalSection
EndGlobal
